
Microsoft Visual Studio Solution File, Format Version 12.00
# Visual Studio Version 17
VisualStudioVersion = 17.13.35919.96 d17.13
MinimumVisualStudioVersion = 10.0.40219.1
Project("{FAE04EC0-301F-11D3-BF4B-00C04F79EFBC}") = "MyFirstProject", "MyFirstProject\MyFirstProject.csproj", "{398D3A2A-8E0A-4E4E-A04C-890FC836B7C5}"
EndProject
Global
	GlobalSection(SolutionConfigurationPlatforms) = preSolution
		Debug|Any CPU = Debug|Any CPU
		Release|Any CPU = Release|Any CPU
	EndGlobalSection
	GlobalSection(ProjectConfigurationPlatforms) = postSolution
		{398D3A2A-8E0A-4E4E-A04C-890FC836B7C5}.Debug|Any CPU.ActiveCfg = Debug|Any CPU
		{398D3A2A-8E0A-4E4E-A04C-890FC836B7C5}.Debug|Any CPU.Build.0 = Debug|Any CPU
		{398D3A2A-8E0A-4E4E-A04C-890FC836B7C5}.Release|Any CPU.ActiveCfg = Release|Any CPU
		{398D3A2A-8E0A-4E4E-A04C-890FC836B7C5}.Release|Any CPU.Build.0 = Release|Any CPU
	EndGlobalSection
	GlobalSection(SolutionProperties) = preSolution
		HideSolutionNode = FALSE
	EndGlobalSection
	GlobalSection(ExtensibilityGlobals) = postSolution
		SolutionGuid = {ECBE22DF-B99F-4C3D-885E-F63713B70901}
	EndGlobalSection
EndGlobal
